
Microsoft Visual Studio Solution File, Format Version 12.00
# Visual Studio 14
VisualStudioVersion = 14.0.23107.0
MinimumVisualStudioVersion = 10.0.40219.1
Project("{8BC9CEB8-8B4A-11D0-8D11-00A0C91BC942}") = "MoveToDesktop", "MoveToDesktop\MoveToDesktop.vcxproj", "{47BF4015-D8CF-4B07-B657-7E7ABDB72FDC}"
	ProjectSection(ProjectDependencies) = postProject
		{88D0BB04-305D-47DC-B4BD-9D3398FAFFE6} = {88D0BB04-305D-47DC-B4BD-9D3398FAFFE6}
	EndProjectSection
EndProject
Project("{8BC9CEB8-8B4A-11D0-8D11-00A0C91BC942}") = "hook", "Hook\Hook.vcxproj", "{88D0BB04-305D-47DC-B4BD-9D3398FAFFE6}"
EndProject
Global
	GlobalSection(SolutionConfigurationPlatforms) = preSolution
		Debug|Any CPU = Debug|Any CPU
		Debug|x64 = Debug|x64
		Debug|x86 = Debug|x86
		Release|Any CPU = Release|Any CPU
		Release|x64 = Release|x64
		Release|x86 = Release|x86
	EndGlobalSection
	GlobalSection(ProjectConfigurationPlatforms) = postSolution
		{47BF4015-D8CF-4B07-B657-7E7ABDB72FDC}.Debug|Any CPU.ActiveCfg = Debug|Win32
		{47BF4015-D8CF-4B07-B657-7E7ABDB72FDC}.Debug|x64.ActiveCfg = Debug|x64
		{47BF4015-D8CF-4B07-B657-7E7ABDB72FDC}.Debug|x64.Build.0 = Debug|x64
		{47BF4015-D8CF-4B07-B657-7E7ABDB72FDC}.Debug|x86.ActiveCfg = Debug|Win32
		{47BF4015-D8CF-4B07-B657-7E7ABDB72FDC}.Debug|x86.Build.0 = Debug|Win32
		{47BF4015-D8CF-4B07-B657-7E7ABDB72FDC}.Release|Any CPU.ActiveCfg = Release|Win32
		{47BF4015-D8CF-4B07-B657-7E7ABDB72FDC}.Release|x64.ActiveCfg = Release|x64
		{47BF4015-D8CF-4B07-B657-7E7ABDB72FDC}.Release|x64.Build.0 = Release|x64
		{47BF4015-D8CF-4B07-B657-7E7ABDB72FDC}.Release|x86.ActiveCfg = Release|Win32
		{47BF4015-D8CF-4B07-B657-7E7ABDB72FDC}.Release|x86.Build.0 = Release|Win32
		{88D0BB04-305D-47DC-B4BD-9D3398FAFFE6}.Debug|Any CPU.ActiveCfg = Debug|Win32
		{88D0BB04-305D-47DC-B4BD-9D3398FAFFE6}.Debug|x64.ActiveCfg = Debug|x64
		{88D0BB04-305D-47DC-B4BD-9D3398FAFFE6}.Debug|x64.Build.0 = Debug|x64
		{88D0BB04-305D-47DC-B4BD-9D3398FAFFE6}.Debug|x86.ActiveCfg = Debug|Win32
		{88D0BB04-305D-47DC-B4BD-9D3398FAFFE6}.Debug|x86.Build.0 = Debug|Win32
		{88D0BB04-305D-47DC-B4BD-9D3398FAFFE6}.Release|Any CPU.ActiveCfg = Release|Win32
		{88D0BB04-305D-47DC-B4BD-9D3398FAFFE6}.Release|x64.ActiveCfg = Release|x64
		{88D0BB04-305D-47DC-B4BD-9D3398FAFFE6}.Release|x64.Build.0 = Release|x64
		{88D0BB04-305D-47DC-B4BD-9D3398FAFFE6}.Release|x86.ActiveCfg = Release|Win32
		{88D0BB04-305D-47DC-B4BD-9D3398FAFFE6}.Release|x86.Build.0 = Release|Win32
	EndGlobalSection
	GlobalSection(SolutionProperties) = preSolution
		HideSolutionNode = FALSE
	EndGlobalSection
EndGlobal
